
Microsoft Visual Studio Solution File, Format Version 12.00
# Visual Studio 15
VisualStudioVersion = 15.0.28307.271
MinimumVisualStudioVersion = 10.0.40219.1
Project("{FAE04EC0-301F-11D3-BF4B-00C04F79EFBC}") = "RazorPagesMovie", "RazorPagesMovie\RazorPagesMovie.csproj", "{30913921-15A6-46CC-98C6-2BD38FEA41BA}"
EndProject
Global
	GlobalSection(SolutionConfigurationPlatforms) = preSolution
		Debug|Any CPU = Debug|Any CPU
		Release|Any CPU = Release|Any CPU
	EndGlobalSection
	GlobalSection(ProjectConfigurationPlatforms) = postSolution
		{30913921-15A6-46CC-98C6-2BD38FEA41BA}.Debug|Any CPU.ActiveCfg = Debug|Any CPU
		{30913921-15A6-46CC-98C6-2BD38FEA41BA}.Debug|Any CPU.Build.0 = Debug|Any CPU
		{30913921-15A6-46CC-98C6-2BD38FEA41BA}.Release|Any CPU.ActiveCfg = Release|Any CPU
		{30913921-15A6-46CC-98C6-2BD38FEA41BA}.Release|Any CPU.Build.0 = Release|Any CPU
	EndGlobalSection
	GlobalSection(SolutionProperties) = preSolution
		HideSolutionNode = FALSE
	EndGlobalSection
	GlobalSection(ExtensibilityGlobals) = postSolution
		SolutionGuid = {36D9EFD6-04E4-4C37-B220-171AAF2FA7AF}
	EndGlobalSection
EndGlobal
